
Microsoft Visual Studio Solution File, Format Version 12.00
# Visual Studio Version 16
VisualStudioVersion = 16.0.32002.261
MinimumVisualStudioVersion = 10.0.40219.1
Project("{FAE04EC0-301F-11D3-BF4B-00C04F79EFBC}") = "WebApplication", "WebApplication.csproj", "{F28037F4-2003-45A8-A2D6-68EE3BA43B85}"
EndProject
Global
	GlobalSection(SolutionConfigurationPlatforms) = preSolution
		Debug|Any CPU = Debug|Any CPU
		Release|Any CPU = Release|Any CPU
	EndGlobalSection
	GlobalSection(ProjectConfigurationPlatforms) = postSolution
		{F28037F4-2003-45A8-A2D6-68EE3BA43B85}.Debug|Any CPU.ActiveCfg = Debug|Any CPU
		{F28037F4-2003-45A8-A2D6-68EE3BA43B85}.Debug|Any CPU.Build.0 = Debug|Any CPU
		{F28037F4-2003-45A8-A2D6-68EE3BA43B85}.Release|Any CPU.ActiveCfg = Release|Any CPU
		{F28037F4-2003-45A8-A2D6-68EE3BA43B85}.Release|Any CPU.Build.0 = Release|Any CPU
	EndGlobalSection
	GlobalSection(SolutionProperties) = preSolution
		HideSolutionNode = FALSE
	EndGlobalSection
	GlobalSection(ExtensibilityGlobals) = postSolution
		SolutionGuid = {FFEF2850-E9D2-4FA8-9630-945BDFC8399C}
	EndGlobalSection
EndGlobal
